
Microsoft Visual Studio Solution File, Format Version 12.00
# Visual Studio Version 16
VisualStudioVersion = 16.0.32106.194
MinimumVisualStudioVersion = 10.0.40219.1
Project("{FAE04EC0-301F-11D3-BF4B-00C04F79EFBC}") = "ApiPlanoCartesiano", "ApiPlanoCartesiano\ApiPlanoCartesiano.csproj", "{7353C2EB-B3A1-444B-9914-A68D9F29D53E}"
EndProject
Global
	GlobalSection(SolutionConfigurationPlatforms) = preSolution
		Debug|Any CPU = Debug|Any CPU
		Release|Any CPU = Release|Any CPU
	EndGlobalSection
	GlobalSection(ProjectConfigurationPlatforms) = postSolution
		{7353C2EB-B3A1-444B-9914-A68D9F29D53E}.Debug|Any CPU.ActiveCfg = Debug|Any CPU
		{7353C2EB-B3A1-444B-9914-A68D9F29D53E}.Debug|Any CPU.Build.0 = Debug|Any CPU
		{7353C2EB-B3A1-444B-9914-A68D9F29D53E}.Release|Any CPU.ActiveCfg = Release|Any CPU
		{7353C2EB-B3A1-444B-9914-A68D9F29D53E}.Release|Any CPU.Build.0 = Release|Any CPU
	EndGlobalSection
	GlobalSection(SolutionProperties) = preSolution
		HideSolutionNode = FALSE
	EndGlobalSection
	GlobalSection(ExtensibilityGlobals) = postSolution
		SolutionGuid = {C5751E74-3152-48F4-AF60-A5A555AB8171}
	EndGlobalSection
EndGlobal
